# THIS IS AN AUTOGENERATED FILE. DO NOT EDIT THIS FILE DIRECTLY.
# yarn lockfile v1


angular-animate@1.5.*:
  version "1.5.11"
  resolved "https://registry.yarnpkg.com/angular-animate/-/angular-animate-1.5.11.tgz#1baa43c303d1b93c4e6aa89453b39114b7a1c669"

angular-bootstrap-switch@^0.5.2:
  version "0.5.2"
  resolved "https://registry.yarnpkg.com/angular-bootstrap-switch/-/angular-bootstrap-switch-0.5.2.tgz#9469b7fc23bcb958d280edbf81692dfd1c6a9397"
  dependencies:
    angular ">=1.4.0"
    bootstrap ">=2.3.2"
    bootstrap-switch "3.3.2"
    jquery ">=1.9.0"

angular-cookies@1.5:
  version "1.5.11"
  resolved "https://registry.yarnpkg.com/angular-cookies/-/angular-cookies-1.5.11.tgz#88558de7c5044dcc3abeb79614d7ef8107ba49c0"

angular-drag-and-drop-lists@2.0.0:
  version "2.0.0"
  resolved "https://registry.yarnpkg.com/angular-drag-and-drop-lists/-/angular-drag-and-drop-lists-2.0.0.tgz#a01d44b94cf233c9c2d45a31842cb35a9d0882ca"

angular-drag-and-drop-lists@^2.1.0:
  version "2.1.0"
  resolved "https://registry.yarnpkg.com/angular-drag-and-drop-lists/-/angular-drag-and-drop-lists-2.1.0.tgz#da10cc85c804251fbaaa84d837f7380fb0cd780f"

angular-patternfly@^4.14.9:
  version "4.14.9"
  resolved "https://registry.yarnpkg.com/angular-patternfly/-/angular-patternfly-4.14.9.tgz#59816a96ce18cbc282901bb0ada6fc5bab3c5136"
  dependencies:
    angular "1.5.*"
    angular-animate "1.5.*"
    angular-sanitize "1.5.*"
    angular-svg-base-fix "2.0.0"
    angular-ui-bootstrap "2.3.x"
    lodash "4.x"
    patternfly "^3.37.1"
  optionalDependencies:
    angular-drag-and-drop-lists "2.0.0"
    angularjs-datatables "^0.5.9"
    bootstrap "~3.3.7"
    bootstrap-select "~1.12.4"
    c3 "~0.4.11"
    components-jqueryui components/jqueryui#1.12.1
    d3 "~3.5.17"
    datatables.net "^1.10.12"
    datatables.net-select "~1.2.0"
    jquery "~3.2.1"
    moment "~2.19.3"

angular-resource@1.5:
  version "1.5.11"
  resolved "https://registry.yarnpkg.com/angular-resource/-/angular-resource-1.5.11.tgz#d93ea619184a2e0ee3ae338265758363172929f0"

angular-route@1.5:
  version "1.5.11"
  resolved "https://registry.yarnpkg.com/angular-route/-/angular-route-1.5.11.tgz#49614f3a167f54291e449fe8ba05d39c58924b83"

angular-sanitize@1.5.*:
  version "1.5.11"
  resolved "https://registry.yarnpkg.com/angular-sanitize/-/angular-sanitize-1.5.11.tgz#ebfb3f343e543f9b2ef050fb4c2e9ee048d1772f"

angular-svg-base-fix@2.0.0:
  version "2.0.0"
  resolved "https://registry.yarnpkg.com/angular-svg-base-fix/-/angular-svg-base-fix-2.0.0.tgz#f3d5f85b87a10d21310f47da8455038b90cfb000"

angular-ui-bootstrap@2.3.x:
  version "2.3.2"
  resolved "https://registry.yarnpkg.com/angular-ui-bootstrap/-/angular-ui-bootstrap-2.3.2.tgz#bfec894ed983ade1e5d3f402fc10f8829652ac99"

angular@1.5.*:
  version "1.5.11"
  resolved "https://registry.yarnpkg.com/angular/-/angular-1.5.11.tgz#8c5ba7386f15965c9acf3429f6881553aada30d6"

angular@>=1.3.0, angular@>=1.4.0:
  version "1.6.8"
  resolved "https://registry.yarnpkg.com/angular/-/angular-1.6.8.tgz#5be378a58be91a5489e78b59c4518cd9fd273ffb"

angularjs-datatables@^0.5.9:
  version "0.5.9"
  resolved "https://registry.yarnpkg.com/angularjs-datatables/-/angularjs-datatables-0.5.9.tgz#24bdc3ba0951741f4172295b6a795c58ce63ad94"
  dependencies:
    angular ">=1.3.0"
    datatables.net "^1.10.11"
    datatables.net-dt "^1.10.11"
    jquery ">=1.11.0"

angulartics-google-analytics@^0.4.0:
  version "0.4.0"
  resolved "https://registry.yarnpkg.com/angulartics-google-analytics/-/angulartics-google-analytics-0.4.0.tgz#af32db0d0aa704d05836acea72f069f0911b7a51"

angulartics@^1.5.0:
  version "1.5.0"
  resolved "https://registry.yarnpkg.com/angulartics/-/angulartics-1.5.0.tgz#b2440a3e0426682015c1ab1497b267275714b53c"

bootstrap-datepicker@^1.7.1:
  version "1.7.1"
  resolved "https://registry.yarnpkg.com/bootstrap-datepicker/-/bootstrap-datepicker-1.7.1.tgz#4ee7faf34888dbec7834fbf9dbe7c4277e01ddaf"
  dependencies:
    jquery ">=1.7.1 <4.0.0"

bootstrap-sass@^3.3.7:
  version "3.3.7"
  resolved "https://registry.yarnpkg.com/bootstrap-sass/-/bootstrap-sass-3.3.7.tgz#6596c7ab40f6637393323ab0bc80d064fc630498"

bootstrap-select@^1.12.2, bootstrap-select@~1.12.4:
  version "1.12.4"
  resolved "https://registry.yarnpkg.com/bootstrap-select/-/bootstrap-select-1.12.4.tgz#7f15d3c0ce978868d9c09c70f96624f55fa02ee1"
  dependencies:
    jquery ">=1.8"

bootstrap-slider@^9.9.0:
  version "9.10.0"
  resolved "https://registry.yarnpkg.com/bootstrap-slider/-/bootstrap-slider-9.10.0.tgz#1103d6bc00cfbfa8cfc9a2599ab518c55643da3f"

bootstrap-switch@3.3.2:
  version "3.3.2"
  resolved "https://registry.yarnpkg.com/bootstrap-switch/-/bootstrap-switch-3.3.2.tgz#79ddb49fadc308fb731e257f95957af48996eea7"
  dependencies:
    jquery ">=1.9.0"

bootstrap-switch@~3.3.4:
  version "3.3.4"
  resolved "https://registry.yarnpkg.com/bootstrap-switch/-/bootstrap-switch-3.3.4.tgz#70e0aeb2a877c0dc766991de108e2170fc29a2ff"

bootstrap-touchspin@~3.1.1:
  version "3.1.1"
  resolved "https://registry.yarnpkg.com/bootstrap-touchspin/-/bootstrap-touchspin-3.1.1.tgz#9779deac72aaf577e5e762b8512c747c871d9597"

bootstrap@3.3.x, bootstrap@>=2.3.2, bootstrap@^3.3, bootstrap@~3.3.7:
  version "3.3.7"
  resolved "https://registry.yarnpkg.com/bootstrap/-/bootstrap-3.3.7.tgz#5a389394549f23330875a3b150656574f8a9eb71"

c3@~0.4.11:
  version "0.4.18"
  resolved "https://registry.yarnpkg.com/c3/-/c3-0.4.18.tgz#6f1c4409635263b8a3de607edbab4bdc678c62cb"
  dependencies:
    d3 "~3.5.0"

components-jqueryui@components/jqueryui#1.12.1:
  version "1.12.1"
  resolved "https://codeload.github.com/components/jqueryui/tar.gz/44ecf3794cc56b65954cc19737234a3119d036cc"

d3@~3.5.0, d3@~3.5.17:
  version "3.5.17"
  resolved "https://registry.yarnpkg.com/d3/-/d3-3.5.17.tgz#bc46748004378b21a360c9fc7cf5231790762fb8"

datatables.net-bs@>=1.10.9:
  version "1.10.16"
  resolved "https://registry.yarnpkg.com/datatables.net-bs/-/datatables.net-bs-1.10.16.tgz#b0854f5b374f713ae3db4156c7cea8a760c3de76"
  dependencies:
    datatables.net "1.10.16"
    jquery ">=1.7"

datatables.net-colreorder-bs@~1.3.2:
  version "1.3.3"
  resolved "https://registry.yarnpkg.com/datatables.net-colreorder-bs/-/datatables.net-colreorder-bs-1.3.3.tgz#3a9dcb08deebeb5d854079591e06e493ad793a53"
  dependencies:
    datatables.net-bs ">=1.10.9"
    datatables.net-colreorder ">=1.2.0"
    jquery ">=1.7"

datatables.net-colreorder@>=1.2.0, datatables.net-colreorder@^1.4.1:
  version "1.4.1"
  resolved "https://registry.yarnpkg.com/datatables.net-colreorder/-/datatables.net-colreorder-1.4.1.tgz#389e4b1a274e203979a3718d86c5884d0a0166b6"
  dependencies:
    datatables.net "^1.10.15"
    jquery ">=1.7"

datatables.net-dt@^1.10.11:
  version "1.10.16"
  resolved "https://registry.yarnpkg.com/datatables.net-dt/-/datatables.net-dt-1.10.16.tgz#6758a308fb9e5f9629fb6541cc301e48ec9ec555"
  dependencies:
    datatables.net "1.10.16"
    jquery ">=1.7"

datatables.net-select@~1.2.0:
  version "1.2.4"
  resolved "https://registry.yarnpkg.com/datatables.net-select/-/datatables.net-select-1.2.4.tgz#799eed5d8cfcf21e4502b49c61e84fc4b5f457f7"
  dependencies:
    datatables.net "^1.10.15"
    jquery ">=1.7"

datatables.net@1.10.16, datatables.net@^1.10.11, datatables.net@^1.10.12, datatables.net@^1.10.15:
  version "1.10.16"
  resolved "https://registry.yarnpkg.com/datatables.net/-/datatables.net-1.10.16.tgz#4b052d1082824261b68eed9d22741b711d3d2469"
  dependencies:
    jquery ">=1.7"

drmonty-datatables-colvis@~1.1.2:
  version "1.1.2"
  resolved "https://registry.yarnpkg.com/drmonty-datatables-colvis/-/drmonty-datatables-colvis-1.1.2.tgz#96ab9edfb48643cc2edda3f87b88933cdee8127c"
  dependencies:
    jquery ">=1.7.0"

eonasdan-bootstrap-datetimepicker@^4.17.47:
  version "4.17.47"
  resolved "https://registry.yarnpkg.com/eonasdan-bootstrap-datetimepicker/-/eonasdan-bootstrap-datetimepicker-4.17.47.tgz#7a49970044065276e7965efd16f822735219e735"
  dependencies:
    bootstrap "^3.3"
    jquery "^1.8.3 || ^2.0 || ^3.0"
    moment "^2.10"
    moment-timezone "^0.4.0"

font-awesome-sass@^4.7.0:
  version "4.7.0"
  resolved "https://registry.yarnpkg.com/font-awesome-sass/-/font-awesome-sass-4.7.0.tgz#4eda693e915009ce00b228e0964dc5eca9bc34e1"

font-awesome@^4.7.0:
  version "4.7.0"
  resolved "https://registry.yarnpkg.com/font-awesome/-/font-awesome-4.7.0.tgz#8fa8cf0411a1a31afd07b06d2902bb9fc815a133"

google-code-prettify@~1.0.5:
  version "1.0.5"
  resolved "https://registry.yarnpkg.com/google-code-prettify/-/google-code-prettify-1.0.5.tgz#9f477f224dbfa62372e5ef803a7e157410400084"

jquery-match-height@^0.7.2:
  version "0.7.2"
  resolved "https://registry.yarnpkg.com/jquery-match-height/-/jquery-match-height-0.7.2.tgz#f8d9f3ba5314daab109cf07408674be204be5f0e"

"jquery@>= 2.1.x", jquery@>=1.11.0, jquery@>=1.7, jquery@>=1.7.0, jquery@>=1.8, jquery@>=1.9.0, "jquery@^1.8.3 || ^2.0 || ^3.0", jquery@~3.2.1:
  version "3.2.1"
  resolved "https://registry.yarnpkg.com/jquery/-/jquery-3.2.1.tgz#5c4d9de652af6cd0a770154a631bba12b015c787"

"jquery@>=1.7.1 <4.0.0":
  version "3.3.1"
  resolved "https://registry.yarnpkg.com/jquery/-/jquery-3.3.1.tgz#958ce29e81c9790f31be7792df5d4d95fc57fbca"

lodash@4.x:
  version "4.17.4"
  resolved "https://registry.yarnpkg.com/lodash/-/lodash-4.17.4.tgz#78203a4d1c328ae1d86dca6460e369b57f4055ae"

moment-timezone@^0.4.0, moment-timezone@^0.4.1:
  version "0.4.1"
  resolved "https://registry.yarnpkg.com/moment-timezone/-/moment-timezone-0.4.1.tgz#81f598c3ad5e22cdad796b67ecd8d88d0f5baa06"
  dependencies:
    moment ">= 2.6.0"

"moment@>= 2.6.0", moment@^2.10, moment@^2.19.1:
  version "2.20.1"
  resolved "https://registry.yarnpkg.com/moment/-/moment-2.20.1.tgz#d6eb1a46cbcc14a2b2f9434112c1ff8907f313fd"

moment@~2.19.3:
  version "2.19.4"
  resolved "https://registry.yarnpkg.com/moment/-/moment-2.19.4.tgz#17e5e2c6ead8819c8ecfad83a0acccb312e94682"

patternfly-bootstrap-combobox@~1.1.7:
  version "1.1.7"
  resolved "https://registry.yarnpkg.com/patternfly-bootstrap-combobox/-/patternfly-bootstrap-combobox-1.1.7.tgz#6a5e3ccd1170c21b3c4b4aa168a7413e1ddbb6e1"

patternfly-bootstrap-treeview@~2.1.0:
  version "2.1.5"
  resolved "https://registry.yarnpkg.com/patternfly-bootstrap-treeview/-/patternfly-bootstrap-treeview-2.1.5.tgz#4c29f2582fb8a2f28f0a928f2f0d324d21d6990d"
  dependencies:
    bootstrap "3.3.x"
    jquery ">= 2.1.x"

patternfly@^3.37.1:
  version "3.38.1"
  resolved "https://registry.yarnpkg.com/patternfly/-/patternfly-3.38.1.tgz#ffdc2fca41b18c9be481183b739f99a123cde314"
  dependencies:
    bootstrap "~3.3.7"
    font-awesome "^4.7.0"
    jquery "~3.2.1"
  optionalDependencies:
    bootstrap-datepicker "^1.7.1"
    bootstrap-sass "^3.3.7"
    bootstrap-select "^1.12.2"
    bootstrap-slider "^9.9.0"
    bootstrap-switch "~3.3.4"
    bootstrap-touchspin "~3.1.1"
    c3 "~0.4.11"
    d3 "~3.5.17"
    datatables.net "^1.10.15"
    datatables.net-colreorder "^1.4.1"
    datatables.net-colreorder-bs "~1.3.2"
    datatables.net-select "~1.2.0"
    drmonty-datatables-colvis "~1.1.2"
    eonasdan-bootstrap-datetimepicker "^4.17.47"
    font-awesome-sass "^4.7.0"
    google-code-prettify "~1.0.5"
    jquery-match-height "^0.7.2"
    moment "^2.19.1"
    moment-timezone "^0.4.1"
    patternfly-bootstrap-combobox "~1.1.7"
    patternfly-bootstrap-treeview "~2.1.0"

ui-select@^0.19.8:
  version "0.19.8"
  resolved "https://registry.yarnpkg.com/ui-select/-/ui-select-0.19.8.tgz#74860848a7fd8bc494d9856d2f62776ea98637c1"

underscore@^1.8.3:
  version "1.8.3"
  resolved "https://registry.yarnpkg.com/underscore/-/underscore-1.8.3.tgz#4f3fb53b106e6097fcf9cb4109f2a5e9bdfa5022"
